
Microsoft Visual Studio Solution File, Format Version 12.00
# Visual Studio Version 16
VisualStudioVersion = 16.0.29230.47
MinimumVisualStudioVersion = 10.0.40219.1
Project("{FAE04EC0-301F-11D3-BF4B-00C04F79EFBC}") = "Exercice_6_1", "Exercice_6_1\Exercice_6_1.csproj", "{8CAA1094-30AF-4AF5-BFC3-DEF6E7B11832}"
EndProject
Global
	GlobalSection(SolutionConfigurationPlatforms) = preSolution
		Debug|Any CPU = Debug|Any CPU
		Release|Any CPU = Release|Any CPU
	EndGlobalSection
	GlobalSection(ProjectConfigurationPlatforms) = postSolution
		{8CAA1094-30AF-4AF5-BFC3-DEF6E7B11832}.Debug|Any CPU.ActiveCfg = Debug|Any CPU
		{8CAA1094-30AF-4AF5-BFC3-DEF6E7B11832}.Debug|Any CPU.Build.0 = Debug|Any CPU
		{8CAA1094-30AF-4AF5-BFC3-DEF6E7B11832}.Release|Any CPU.ActiveCfg = Release|Any CPU
		{8CAA1094-30AF-4AF5-BFC3-DEF6E7B11832}.Release|Any CPU.Build.0 = Release|Any CPU
	EndGlobalSection
	GlobalSection(SolutionProperties) = preSolution
		HideSolutionNode = FALSE
	EndGlobalSection
	GlobalSection(ExtensibilityGlobals) = postSolution
		SolutionGuid = {6487F993-FD97-4D63-8B43-FE3E99E9C028}
	EndGlobalSection
EndGlobal
