
Microsoft Visual Studio Solution File, Format Version 12.00
# Visual Studio Version 16
VisualStudioVersion = 16.0.29230.47
MinimumVisualStudioVersion = 10.0.40219.1
Project("{FAE04EC0-301F-11D3-BF4B-00C04F79EFBC}") = "Exercice_8_1", "Exercice_8_1\Exercice_8_1.csproj", "{7C9B6E46-77F6-40FF-AEEC-5CD7B395FAA1}"
EndProject
Global
	GlobalSection(SolutionConfigurationPlatforms) = preSolution
		Debug|Any CPU = Debug|Any CPU
		Release|Any CPU = Release|Any CPU
	EndGlobalSection
	GlobalSection(ProjectConfigurationPlatforms) = postSolution
		{7C9B6E46-77F6-40FF-AEEC-5CD7B395FAA1}.Debug|Any CPU.ActiveCfg = Debug|Any CPU
		{7C9B6E46-77F6-40FF-AEEC-5CD7B395FAA1}.Debug|Any CPU.Build.0 = Debug|Any CPU
		{7C9B6E46-77F6-40FF-AEEC-5CD7B395FAA1}.Release|Any CPU.ActiveCfg = Release|Any CPU
		{7C9B6E46-77F6-40FF-AEEC-5CD7B395FAA1}.Release|Any CPU.Build.0 = Release|Any CPU
	EndGlobalSection
	GlobalSection(SolutionProperties) = preSolution
		HideSolutionNode = FALSE
	EndGlobalSection
	GlobalSection(ExtensibilityGlobals) = postSolution
		SolutionGuid = {4E4E141F-BFF8-4FB7-A10C-EFB83D88E1EE}
	EndGlobalSection
EndGlobal
